// !$*UTF8*$!
{
	archiveVersion = 1;
	classes = {
	};
	objectVersion = 55;
	objects = {

/* Begin PBXBuildFile section */
		090D5C9228CF31A100DC9544 /* ScrumdingerApp.swift in Sources */ = {isa = PBXBuildFile; fileRef = 090D5C9128CF31A100DC9544 /* ScrumdingerApp.swift */; };
		090D5C9428CF31A100DC9544 /* MeetingView.swift in Sources */ = {isa = PBXBuildFile; fileRef = 090D5C9328CF31A100DC9544 /* MeetingView.swift */; };
		090D5C9628CF31A500DC9544 /* Assets.xcassets in Resources */ = {isa = PBXBuildFile; fileRef = 090D5C9528CF31A500DC9544 /* Assets.xcassets */; };
		090D5C9928CF31A500DC9544 /* Preview Assets.xcassets in Resources */ = {isa = PBXBuildFile; fileRef = 090D5C9828CF31A500DC9544 /* Preview Assets.xcassets */; };
		090D5C9B28CF31A500DC9544 /* Persistence.swift in Sources */ = {isa = PBXBuildFile; fileRef = 090D5C9A28CF31A500DC9544 /* Persistence.swift */; };
		090D5C9E28CF31A500DC9544 /* Scrumdinger.xcdatamodeld in Sources */ = {isa = PBXBuildFile; fileRef = 090D5C9C28CF31A500DC9544 /* Scrumdinger.xcdatamodeld */; };
		090D5CA628CFC9BF00DC9544 /* Theme.swift in Sources */ = {isa = PBXBuildFile; fileRef = 090D5CA528CFC9BF00DC9544 /* Theme.swift */; };
		090D5CA828CFCC6800DC9544 /* DailyScrum.swift in Sources */ = {isa = PBXBuildFile; fileRef = 090D5CA728CFCC6800DC9544 /* DailyScrum.swift */; };
		090D5CAA28CFCCE900DC9544 /* CardView.swift in Sources */ = {isa = PBXBuildFile; fileRef = 090D5CA928CFCCE900DC9544 /* CardView.swift */; };
		090D5CAC28CFD33800DC9544 /* TrailingIconLabelStyle.swift in Sources */ = {isa = PBXBuildFile; fileRef = 090D5CAB28CFD33800DC9544 /* TrailingIconLabelStyle.swift */; };
		090D5CAE28CFD77900DC9544 /* ScrumsView.swift in Sources */ = {isa = PBXBuildFile; fileRef = 090D5CAD28CFD77900DC9544 /* ScrumsView.swift */; };
		090D5CB228D015F100DC9544 /* DetailView.swift in Sources */ = {isa = PBXBuildFile; fileRef = 090D5CB128D015F100DC9544 /* DetailView.swift */; };
		090D5CB428D0297A00DC9544 /* DetailEditView.swift in Sources */ = {isa = PBXBuildFile; fileRef = 090D5CB328D0297A00DC9544 /* DetailEditView.swift */; };
		090D5CB628D03B3400DC9544 /* ThemeView.swift in Sources */ = {isa = PBXBuildFile; fileRef = 090D5CB528D03B3300DC9544 /* ThemeView.swift */; };
		090D5CB828D03CF700DC9544 /* ThemePicker.swift in Sources */ = {isa = PBXBuildFile; fileRef = 090D5CB728D03CF700DC9544 /* ThemePicker.swift */; };
		090D5CBA28D068A400DC9544 /* MeetingHeaderView.swift in Sources */ = {isa = PBXBuildFile; fileRef = 090D5CB928D068A400DC9544 /* MeetingHeaderView.swift */; };
		090D5CBC28D06C6C00DC9544 /* ScrumProgressViewStyle.swift in Sources */ = {isa = PBXBuildFile; fileRef = 090D5CBB28D06C6C00DC9544 /* ScrumProgressViewStyle.swift */; };
		090D5CBE28D080AA00DC9544 /* ScrumTimer.swift in Sources */ = {isa = PBXBuildFile; fileRef = 090D5CBD28D080AA00DC9544 /* ScrumTimer.swift */; };
		090D5CC028D081AE00DC9544 /* MeetingFooterView.swift in Sources */ = {isa = PBXBuildFile; fileRef = 090D5CBF28D081AD00DC9544 /* MeetingFooterView.swift */; };
		090D5CC828D13D5A00DC9544 /* AVPlayer+Ding.swift in Sources */ = {isa = PBXBuildFile; fileRef = 090D5CC728D13D5A00DC9544 /* AVPlayer+Ding.swift */; };
		090D5CCA28D1A48E00DC9544 /* History.swift in Sources */ = {isa = PBXBuildFile; fileRef = 090D5CC928D1A48E00DC9544 /* History.swift */; };
/* End PBXBuildFile section */

/* Begin PBXFileReference section */
		090D5C8E28CF31A100DC9544 /* Scrumdinger.app */ = {isa = PBXFileReference; explicitFileType = wrapper.application; includeInIndex = 0; path = Scrumdinger.app; sourceTree = BUILT_PRODUCTS_DIR; };
		090D5C9128CF31A100DC9544 /* ScrumdingerApp.swift */ = {isa = PBXFileReference; lastKnownFileType = sourcecode.swift; path = ScrumdingerApp.swift; sourceTree = "<group>"; };
		090D5C9328CF31A100DC9544 /* MeetingView.swift */ = {isa = PBXFileReference; lastKnownFileType = sourcecode.swift; path = MeetingView.swift; sourceTree = "<group>"; };
		090D5C9528CF31A500DC9544 /* Assets.xcassets */ = {isa = PBXFileReference; lastKnownFileType = folder.assetcatalog; path = Assets.xcassets; sourceTree = "<group>"; };
		090D5C9828CF31A500DC9544 /* Preview Assets.xcassets */ = {isa = PBXFileReference; lastKnownFileType = folder.assetcatalog; path = "Preview Assets.xcassets"; sourceTree = "<group>"; };
		090D5C9A28CF31A500DC9544 /* Persistence.swift */ = {isa = PBXFileReference; lastKnownFileType = sourcecode.swift; path = Persistence.swift; sourceTree = "<group>"; };
		090D5C9D28CF31A500DC9544 /* Scrumdinger.xcdatamodel */ = {isa = PBXFileReference; lastKnownFileType = wrapper.xcdatamodel; path = Scrumdinger.xcdatamodel; sourceTree = "<group>"; };
		090D5CA528CFC9BF00DC9544 /* Theme.swift */ = {isa = PBXFileReference; lastKnownFileType = sourcecode.swift; path = Theme.swift; sourceTree = "<group>"; };
		090D5CA728CFCC6800DC9544 /* DailyScrum.swift */ = {isa = PBXFileReference; lastKnownFileType = sourcecode.swift; path = DailyScrum.swift; sourceTree = "<group>"; };
		090D5CA928CFCCE900DC9544 /* CardView.swift */ = {isa = PBXFileReference; lastKnownFileType = sourcecode.swift; path = CardView.swift; sourceTree = "<group>"; };
		090D5CAB28CFD33800DC9544 /* TrailingIconLabelStyle.swift */ = {isa = PBXFileReference; lastKnownFileType = sourcecode.swift; path = TrailingIconLabelStyle.swift; sourceTree = "<group>"; };
		090D5CAD28CFD77900DC9544 /* ScrumsView.swift */ = {isa = PBXFileReference; lastKnownFileType = sourcecode.swift; path = ScrumsView.swift; sourceTree = "<group>"; };
		090D5CB128D015F100DC9544 /* DetailView.swift */ = {isa = PBXFileReference; lastKnownFileType = sourcecode.swift; path = DetailView.swift; sourceTree = "<group>"; };
		090D5CB328D0297A00DC9544 /* DetailEditView.swift */ = {isa = PBXFileReference; lastKnownFileType = sourcecode.swift; path = DetailEditView.swift; sourceTree = "<group>"; };
		090D5CB528D03B3300DC9544 /* ThemeView.swift */ = {isa = PBXFileReference; lastKnownFileType = sourcecode.swift; path = ThemeView.swift; sourceTree = "<group>"; };
		090D5CB728D03CF700DC9544 /* ThemePicker.swift */ = {isa = PBXFileReference; lastKnownFileType = sourcecode.swift; path = ThemePicker.swift; sourceTree = "<group>"; };
		090D5CB928D068A400DC9544 /* MeetingHeaderView.swift */ = {isa = PBXFileReference; lastKnownFileType = sourcecode.swift; path = MeetingHeaderView.swift; sourceTree = "<group>"; };
		090D5CBB28D06C6C00DC9544 /* ScrumProgressViewStyle.swift */ = {isa = PBXFileReference; fileEncoding = 4; lastKnownFileType = sourcecode.swift; path = ScrumProgressViewStyle.swift; sourceTree = "<group>"; };
		090D5CBD28D080AA00DC9544 /* ScrumTimer.swift */ = {isa = PBXFileReference; fileEncoding = 4; lastKnownFileType = sourcecode.swift; path = ScrumTimer.swift; sourceTree = "<group>"; };
		090D5CBF28D081AD00DC9544 /* MeetingFooterView.swift */ = {isa = PBXFileReference; lastKnownFileType = sourcecode.swift; path = MeetingFooterView.swift; sourceTree = "<group>"; };
		090D5CC728D13D5A00DC9544 /* AVPlayer+Ding.swift */ = {isa = PBXFileReference; lastKnownFileType = sourcecode.swift; path = "AVPlayer+Ding.swift"; sourceTree = "<group>"; };
		090D5CC928D1A48E00DC9544 /* History.swift */ = {isa = PBXFileReference; lastKnownFileType = sourcecode.swift; path = History.swift; sourceTree = "<group>"; };
/* End PBXFileReference section */

/* Begin PBXFrameworksBuildPhase section */
		090D5C8B28CF31A100DC9544 /* Frameworks */ = {
			isa = PBXFrameworksBuildPhase;
			buildActionMask = 2147483647;
			files = (
			);
			runOnlyForDeploymentPostprocessing = 0;
		};
/* End PBXFrameworksBuildPhase section */

/* Begin PBXGroup section */
		090D5C8528CF31A100DC9544 = {
			isa = PBXGroup;
			children = (
				090D5C9028CF31A100DC9544 /* Scrumdinger */,
				090D5C8F28CF31A100DC9544 /* Products */,
			);
			sourceTree = "<group>";
		};
		090D5C8F28CF31A100DC9544 /* Products */ = {
			isa = PBXGroup;
			children = (
				090D5C8E28CF31A100DC9544 /* Scrumdinger.app */,
			);
			name = Products;
			sourceTree = "<group>";
		};
		090D5C9028CF31A100DC9544 /* Scrumdinger */ = {
			isa = PBXGroup;
			children = (
				090D5CBB28D06C6C00DC9544 /* ScrumProgressViewStyle.swift */,
				090D5C9128CF31A100DC9544 /* ScrumdingerApp.swift */,
				090D5C9328CF31A100DC9544 /* MeetingView.swift */,
				090D5CBF28D081AD00DC9544 /* MeetingFooterView.swift */,
				090D5CB928D068A400DC9544 /* MeetingHeaderView.swift */,
				090D5CB328D0297A00DC9544 /* DetailEditView.swift */,
				090D5CA428CFC98A00DC9544 /* Models */,
				090D5C9528CF31A500DC9544 /* Assets.xcassets */,
				090D5C9A28CF31A500DC9544 /* Persistence.swift */,
				090D5C9C28CF31A500DC9544 /* Scrumdinger.xcdatamodeld */,
				090D5C9728CF31A500DC9544 /* Preview Content */,
				090D5CA928CFCCE900DC9544 /* CardView.swift */,
				090D5CAD28CFD77900DC9544 /* ScrumsView.swift */,
				090D5CB128D015F100DC9544 /* DetailView.swift */,
				090D5CB528D03B3300DC9544 /* ThemeView.swift */,
				090D5CB728D03CF700DC9544 /* ThemePicker.swift */,
				090D5CAB28CFD33800DC9544 /* TrailingIconLabelStyle.swift */,
			);
			path = Scrumdinger;
			sourceTree = "<group>";
		};
		090D5C9728CF31A500DC9544 /* Preview Content */ = {
			isa = PBXGroup;
			children = (
				090D5C9828CF31A500DC9544 /* Preview Assets.xcassets */,
			);
			path = "Preview Content";
			sourceTree = "<group>";
		};
		090D5CA428CFC98A00DC9544 /* Models */ = {
			isa = PBXGroup;
			children = (
				090D5CC928D1A48E00DC9544 /* History.swift */,
				090D5CBD28D080AA00DC9544 /* ScrumTimer.swift */,
				090D5CA528CFC9BF00DC9544 /* Theme.swift */,
				090D5CA728CFCC6800DC9544 /* DailyScrum.swift */,
				090D5CC728D13D5A00DC9544 /* AVPlayer+Ding.swift */,
			);
			path = Models;
			sourceTree = "<group>";
		};
/* End PBXGroup section */

/* Begin PBXNativeTarget section */
		090D5C8D28CF31A100DC9544 /* Scrumdinger */ = {
			isa = PBXNativeTarget;
			buildConfigurationList = 090D5CA128CF31A500DC9544 /* Build configuration list for PBXNativeTarget "Scrumdinger" */;
			buildPhases = (
				090D5C8A28CF31A100DC9544 /* Sources */,
				090D5C8B28CF31A100DC9544 /* Frameworks */,
				090D5C8C28CF31A100DC9544 /* Resources */,
			);
			buildRules = (
			);
			dependencies = (
			);
			name = Scrumdinger;
			productName = Scrumdinger;
			productReference = 090D5C8E28CF31A100DC9544 /* Scrumdinger.app */;
			productType = "com.apple.product-type.application";
		};
/* End PBXNativeTarget section */

/* Begin PBXProject section */
		090D5C8628CF31A100DC9544 /* Project object */ = {
			isa = PBXProject;
			attributes = {
				BuildIndependentTargetsInParallel = 1;
				LastSwiftUpdateCheck = 1340;
				LastUpgradeCheck = 1340;
				TargetAttributes = {
					090D5C8D28CF31A100DC9544 = {
						CreatedOnToolsVersion = 13.4.1;
					};
				};
			};
			buildConfigurationList = 090D5C8928CF31A100DC9544 /* Build configuration list for PBXProject "Scrumdinger" */;
			compatibilityVersion = "Xcode 13.0";
			developmentRegion = en;
			hasScannedForEncodings = 0;
			knownRegions = (
				en,
				Base,
			);
			mainGroup = 090D5C8528CF31A100DC9544;
			productRefGroup = 090D5C8F28CF31A100DC9544 /* Products */;
			projectDirPath = "";
			projectRoot = "";
			targets = (
				090D5C8D28CF31A100DC9544 /* Scrumdinger */,
			);
		};
/* End PBXProject section */

/* Begin PBXResourcesBuildPhase section */
		090D5C8C28CF31A100DC9544 /* Resources */ = {
			isa = PBXResourcesBuildPhase;
			buildActionMask = 2147483647;
			files = (
				090D5C9928CF31A500DC9544 /* Preview Assets.xcassets in Resources */,
				090D5C9628CF31A500DC9544 /* Assets.xcassets in Resources */,
			);
			runOnlyForDeploymentPostprocessing = 0;
		};
/* End PBXResourcesBuildPhase section */

/* Begin PBXSourcesBuildPhase section */
		090D5C8A28CF31A100DC9544 /* Sources */ = {
			isa = PBXSourcesBuildPhase;
			buildActionMask = 2147483647;
			files = (
				090D5CAA28CFCCE900DC9544 /* CardView.swift in Sources */,
				090D5CAE28CFD77900DC9544 /* ScrumsView.swift in Sources */,
				090D5CCA28D1A48E00DC9544 /* History.swift in Sources */,
				090D5C9B28CF31A500DC9544 /* Persistence.swift in Sources */,
				090D5CB228D015F100DC9544 /* DetailView.swift in Sources */,
				090D5CB628D03B3400DC9544 /* ThemeView.swift in Sources */,
				090D5C9428CF31A100DC9544 /* MeetingView.swift in Sources */,
				090D5CBE28D080AA00DC9544 /* ScrumTimer.swift in Sources */,
				090D5CC828D13D5A00DC9544 /* AVPlayer+Ding.swift in Sources */,
				090D5CAC28CFD33800DC9544 /* TrailingIconLabelStyle.swift in Sources */,
				090D5CBA28D068A400DC9544 /* MeetingHeaderView.swift in Sources */,
				090D5CBC28D06C6C00DC9544 /* ScrumProgressViewStyle.swift in Sources */,
				090D5CA628CFC9BF00DC9544 /* Theme.swift in Sources */,
				090D5CC028D081AE00DC9544 /* MeetingFooterView.swift in Sources */,
				090D5C9228CF31A100DC9544 /* ScrumdingerApp.swift in Sources */,
				090D5CB428D0297A00DC9544 /* DetailEditView.swift in Sources */,
				090D5CB828D03CF700DC9544 /* ThemePicker.swift in Sources */,
				090D5CA828CFCC6800DC9544 /* DailyScrum.swift in Sources */,
				090D5C9E28CF31A500DC9544 /* Scrumdinger.xcdatamodeld in Sources */,
			);
			runOnlyForDeploymentPostprocessing = 0;
		};
/* End PBXSourcesBuildPhase section */

/* Begin XCBuildConfiguration section */
		090D5C9F28CF31A500DC9544 /* Debug */ = {
			isa = XCBuildConfiguration;
			buildSettings = {
				ALWAYS_SEARCH_USER_PATHS = NO;
				CLANG_ANALYZER_NONNULL = YES;
				CLANG_ANALYZER_NUMBER_OBJECT_CONVERSION = YES_AGGRESSIVE;
				CLANG_CXX_LANGUAGE_STANDARD = "gnu++17";
				CLANG_ENABLE_MODULES = YES;
				CLANG_ENABLE_OBJC_ARC = YES;
				CLANG_ENABLE_OBJC_WEAK = YES;
				CLANG_WARN_BLOCK_CAPTURE_AUTORELEASING = YES;
				CLANG_WARN_BOOL_CONVERSION = YES;
				CLANG_WARN_COMMA = YES;
				CLANG_WARN_CONSTANT_CONVERSION = YES;
				CLANG_WARN_DEPRECATED_OBJC_IMPLEMENTATIONS = YES;
				CLANG_WARN_DIRECT_OBJC_ISA_USAGE = YES_ERROR;
				CLANG_WARN_DOCUMENTATION_COMMENTS = YES;
				CLANG_WARN_EMPTY_BODY = YES;
				CLANG_WARN_ENUM_CONVERSION = YES;
				CLANG_WARN_INFINITE_RECURSION = YES;
				CLANG_WARN_INT_CONVERSION = YES;
				CLANG_WARN_NON_LITERAL_NULL_CONVERSION = YES;
				CLANG_WARN_OBJC_IMPLICIT_RETAIN_SELF = YES;
				CLANG_WARN_OBJC_LITERAL_CONVERSION = YES;
				CLANG_WARN_OBJC_ROOT_CLASS = YES_ERROR;
				CLANG_WARN_QUOTED_INCLUDE_IN_FRAMEWORK_HEADER = YES;
				CLANG_WARN_RANGE_LOOP_ANALYSIS = YES;
				CLANG_WARN_STRICT_PROTOTYPES = YES;
				CLANG_WARN_SUSPICIOUS_MOVE = YES;
				CLANG_WARN_UNGUARDED_AVAILABILITY = YES_AGGRESSIVE;
				CLANG_WARN_UNREACHABLE_CODE = YES;
				CLANG_WARN__DUPLICATE_METHOD_MATCH = YES;
				COPY_PHASE_STRIP = NO;
				DEBUG_INFORMATION_FORMAT = dwarf;
				ENABLE_STRICT_OBJC_MSGSEND = YES;
				ENABLE_TESTABILITY = YES;
				GCC_C_LANGUAGE_STANDARD = gnu11;
				GCC_DYNAMIC_NO_PIC = NO;
				GCC_NO_COMMON_BLOCKS = YES;
				GCC_OPTIMIZATION_LEVEL = 0;
				GCC_PREPROCESSOR_DEFINITIONS = (
					"DEBUG=1",
					"$(inherited)",
				);
				GCC_WARN_64_TO_32_BIT_CONVERSION = YES;
				GCC_WARN_ABOUT_RETURN_TYPE = YES_ERROR;
				GCC_WARN_UNDECLARED_SELECTOR = YES;
				GCC_WARN_UNINITIALIZED_AUTOS = YES_AGGRESSIVE;
				GCC_WARN_UNUSED_FUNCTION = YES;
				GCC_WARN_UNUSED_VARIABLE = YES;
				IPHONEOS_DEPLOYMENT_TARGET = 15.5;
				MTL_ENABLE_DEBUG_INFO = INCLUDE_SOURCE;
				MTL_FAST_MATH = YES;
				ONLY_ACTIVE_ARCH = YES;
				SDKROOT = iphoneos;
				SWIFT_ACTIVE_COMPILATION_CONDITIONS = DEBUG;
				SWIFT_OPTIMIZATION_LEVEL = "-Onone";
			};
			name = Debug;
		};
		090D5CA028CF31A500DC9544 /* Release */ = {
			isa = XCBuildConfiguration;
			buildSettings = {
				ALWAYS_SEARCH_USER_PATHS = NO;
				CLANG_ANALYZER_NONNULL = YES;
				CLANG_ANALYZER_NUMBER_OBJECT_CONVERSION = YES_AGGRESSIVE;
				CLANG_CXX_LANGUAGE_STANDARD = "gnu++17";
				CLANG_ENABLE_MODULES = YES;
				CLANG_ENABLE_OBJC_ARC = YES;
				CLANG_ENABLE_OBJC_WEAK = YES;
				CLANG_WARN_BLOCK_CAPTURE_AUTORELEASING = YES;
				CLANG_WARN_BOOL_CONVERSION = YES;
				CLANG_WARN_COMMA = YES;
				CLANG_WARN_CONSTANT_CONVERSION = YES;
				CLANG_WARN_DEPRECATED_OBJC_IMPLEMENTATIONS = YES;
				CLANG_WARN_DIRECT_OBJC_ISA_USAGE = YES_ERROR;
				CLANG_WARN_DOCUMENTATION_COMMENTS = YES;
				CLANG_WARN_EMPTY_BODY = YES;
				CLANG_WARN_ENUM_CONVERSION = YES;
				CLANG_WARN_INFINITE_RECURSION = YES;
				CLANG_WARN_INT_CONVERSION = YES;
				CLANG_WARN_NON_LITERAL_NULL_CONVERSION = YES;
				CLANG_WARN_OBJC_IMPLICIT_RETAIN_SELF = YES;
				CLANG_WARN_OBJC_LITERAL_CONVERSION = YES;
				CLANG_WARN_OBJC_ROOT_CLASS = YES_ERROR;
				CLANG_WARN_QUOTED_INCLUDE_IN_FRAMEWORK_HEADER = YES;
				CLANG_WARN_RANGE_LOOP_ANALYSIS = YES;
				CLANG_WARN_STRICT_PROTOTYPES = YES;
				CLANG_WARN_SUSPICIOUS_MOVE = YES;
				CLANG_WARN_UNGUARDED_AVAILABILITY = YES_AGGRESSIVE;
				CLANG_WARN_UNREACHABLE_CODE = YES;
				CLANG_WARN__DUPLICATE_METHOD_MATCH = YES;
				COPY_PHASE_STRIP = NO;
				DEBUG_INFORMATION_FORMAT = "dwarf-with-dsym";
				ENABLE_NS_ASSERTIONS = NO;
				ENABLE_STRICT_OBJC_MSGSEND = YES;
				GCC_C_LANGUAGE_STANDARD = gnu11;
				GCC_NO_COMMON_BLOCKS = YES;
				GCC_WARN_64_TO_32_BIT_CONVERSION = YES;
				GCC_WARN_ABOUT_RETURN_TYPE = YES_ERROR;
				GCC_WARN_UNDECLARED_SELECTOR = YES;
				GCC_WARN_UNINITIALIZED_AUTOS = YES_AGGRESSIVE;
				GCC_WARN_UNUSED_FUNCTION = YES;
				GCC_WARN_UNUSED_VARIABLE = YES;
				IPHONEOS_DEPLOYMENT_TARGET = 15.5;
				MTL_ENABLE_DEBUG_INFO = NO;
				MTL_FAST_MATH = YES;
				SDKROOT = iphoneos;
				SWIFT_COMPILATION_MODE = wholemodule;
				SWIFT_OPTIMIZATION_LEVEL = "-O";
				VALIDATE_PRODUCT = YES;
			};
			name = Release;
		};
		090D5CA228CF31A500DC9544 /* Debug */ = {
			isa = XCBuildConfiguration;
			buildSettings = {
				ASSETCATALOG_COMPILER_APPICON_NAME = AppIcon;
				ASSETCATALOG_COMPILER_GLOBAL_ACCENT_COLOR_NAME = AccentColor;
				CODE_SIGN_STYLE = Automatic;
				CURRENT_PROJECT_VERSION = 1;
				DEVELOPMENT_ASSET_PATHS = "\"Scrumdinger/Preview Content\"";
				ENABLE_PREVIEWS = YES;
				GENERATE_INFOPLIST_FILE = YES;
				INFOPLIST_KEY_UIApplicationSceneManifest_Generation = YES;
				INFOPLIST_KEY_UIApplicationSupportsIndirectInputEvents = YES;
				INFOPLIST_KEY_UILaunchScreen_Generation = YES;
				INFOPLIST_KEY_UISupportedInterfaceOrientations_iPad = "UIInterfaceOrientationPortrait UIInterfaceOrientationPortraitUpsideDown UIInterfaceOrientationLandscapeLeft UIInterfaceOrientationLandscapeRight";
				INFOPLIST_KEY_UISupportedInterfaceOrientations_iPhone = "UIInterfaceOrientationPortrait UIInterfaceOrientationLandscapeLeft UIInterfaceOrientationLandscapeRight";
				LD_RUNPATH_SEARCH_PATHS = (
					"$(inherited)",
					"@executable_path/Frameworks",
				);
				MARKETING_VERSION = 1.0;
				PRODUCT_BUNDLE_IDENTIFIER = HappyLittleProjects.Scrumdinger;
				PRODUCT_NAME = "$(TARGET_NAME)";
				SWIFT_EMIT_LOC_STRINGS = YES;
				SWIFT_VERSION = 5.0;
				TARGETED_DEVICE_FAMILY = "1,2";
			};
			name = Debug;
		};
		090D5CA328CF31A500DC9544 /* Release */ = {
			isa = XCBuildConfiguration;
			buildSettings = {
				ASSETCATALOG_COMPILER_APPICON_NAME = AppIcon;
				ASSETCATALOG_COMPILER_GLOBAL_ACCENT_COLOR_NAME = AccentColor;
				CODE_SIGN_STYLE = Automatic;
				CURRENT_PROJECT_VERSION = 1;
				DEVELOPMENT_ASSET_PATHS = "\"Scrumdinger/Preview Content\"";
				ENABLE_PREVIEWS = YES;
				GENERATE_INFOPLIST_FILE = YES;
				INFOPLIST_KEY_UIApplicationSceneManifest_Generation = YES;
				INFOPLIST_KEY_UIApplicationSupportsIndirectInputEvents = YES;
				INFOPLIST_KEY_UILaunchScreen_Generation = YES;
				INFOPLIST_KEY_UISupportedInterfaceOrientations_iPad = "UIInterfaceOrientationPortrait UIInterfaceOrientationPortraitUpsideDown UIInterfaceOrientationLandscapeLeft UIInterfaceOrientationLandscapeRight";
				INFOPLIST_KEY_UISupportedInterfaceOrientations_iPhone = "UIInterfaceOrientationPortrait UIInterfaceOrientationLandscapeLeft UIInterfaceOrientationLandscapeRight";
				LD_RUNPATH_SEARCH_PATHS = (
					"$(inherited)",
					"@executable_path/Frameworks",
				);
				MARKETING_VERSION = 1.0;
				PRODUCT_BUNDLE_IDENTIFIER = HappyLittleProjects.Scrumdinger;
				PRODUCT_NAME = "$(TARGET_NAME)";
				SWIFT_EMIT_LOC_STRINGS = YES;
				SWIFT_VERSION = 5.0;
				TARGETED_DEVICE_FAMILY = "1,2";
			};
			name = Release;
		};
/* End XCBuildConfiguration section */

/* Begin XCConfigurationList section */
		090D5C8928CF31A100DC9544 /* Build configuration list for PBXProject "Scrumdinger" */ = {
			isa = XCConfigurationList;
			buildConfigurations = (
				090D5C9F28CF31A500DC9544 /* Debug */,
				090D5CA028CF31A500DC9544 /* Release */,
			);
			defaultConfigurationIsVisible = 0;
			defaultConfigurationName = Release;
		};
		090D5CA128CF31A500DC9544 /* Build configuration list for PBXNativeTarget "Scrumdinger" */ = {
			isa = XCConfigurationList;
			buildConfigurations = (
				090D5CA228CF31A500DC9544 /* Debug */,
				090D5CA328CF31A500DC9544 /* Release */,
			);
			defaultConfigurationIsVisible = 0;
			defaultConfigurationName = Release;
		};
/* End XCConfigurationList section */

/* Begin XCVersionGroup section */
		090D5C9C28CF31A500DC9544 /* Scrumdinger.xcdatamodeld */ = {
			isa = XCVersionGroup;
			children = (
				090D5C9D28CF31A500DC9544 /* Scrumdinger.xcdatamodel */,
			);
			currentVersion = 090D5C9D28CF31A500DC9544 /* Scrumdinger.xcdatamodel */;
			path = Scrumdinger.xcdatamodeld;
			sourceTree = "<group>";
			versionGroupType = wrapper.xcdatamodel;
		};
/* End XCVersionGroup section */
	};
	rootObject = 090D5C8628CF31A100DC9544 /* Project object */;
}
